
Microsoft Visual Studio Solution File, Format Version 12.00
# Visual Studio 15
VisualStudioVersion = 15.0.27703.2047
MinimumVisualStudioVersion = 10.0.40219.1
Project("{FAE04EC0-301F-11D3-BF4B-00C04F79EFBC}") = "Advent.Tests", "Advent.Tests\Advent.Tests.csproj", "{5B7397F1-F716-4F09-8133-D1F801A0ED9D}"
EndProject
Project("{FAE04EC0-301F-11D3-BF4B-00C04F79EFBC}") = "Adventure.Net", "Adventure.Net\Adventure.Net.csproj", "{AFC80EF8-C098-4115-9FD9-C35AE9C6C791}"
EndProject
Project("{FAE04EC0-301F-11D3-BF4B-00C04F79EFBC}") = "ColossalCave", "ColossalCave\ColossalCave.csproj", "{CFA6C90B-95B9-47BD-9B16-1E78F5309923}"
EndProject
Global
	GlobalSection(SolutionConfigurationPlatforms) = preSolution
		Debug|Any CPU = Debug|Any CPU
		Release|Any CPU = Release|Any CPU
	EndGlobalSection
	GlobalSection(ProjectConfigurationPlatforms) = postSolution
		{5B7397F1-F716-4F09-8133-D1F801A0ED9D}.Debug|Any CPU.ActiveCfg = Debug|Any CPU
		{5B7397F1-F716-4F09-8133-D1F801A0ED9D}.Debug|Any CPU.Build.0 = Debug|Any CPU
		{5B7397F1-F716-4F09-8133-D1F801A0ED9D}.Release|Any CPU.ActiveCfg = Release|Any CPU
		{5B7397F1-F716-4F09-8133-D1F801A0ED9D}.Release|Any CPU.Build.0 = Release|Any CPU
		{AFC80EF8-C098-4115-9FD9-C35AE9C6C791}.Debug|Any CPU.ActiveCfg = Debug|Any CPU
		{AFC80EF8-C098-4115-9FD9-C35AE9C6C791}.Debug|Any CPU.Build.0 = Debug|Any CPU
		{AFC80EF8-C098-4115-9FD9-C35AE9C6C791}.Release|Any CPU.ActiveCfg = Release|Any CPU
		{AFC80EF8-C098-4115-9FD9-C35AE9C6C791}.Release|Any CPU.Build.0 = Release|Any CPU
		{CFA6C90B-95B9-47BD-9B16-1E78F5309923}.Debug|Any CPU.ActiveCfg = Debug|Any CPU
		{CFA6C90B-95B9-47BD-9B16-1E78F5309923}.Debug|Any CPU.Build.0 = Debug|Any CPU
		{CFA6C90B-95B9-47BD-9B16-1E78F5309923}.Release|Any CPU.ActiveCfg = Release|Any CPU
		{CFA6C90B-95B9-47BD-9B16-1E78F5309923}.Release|Any CPU.Build.0 = Release|Any CPU
	EndGlobalSection
	GlobalSection(SolutionProperties) = preSolution
		HideSolutionNode = FALSE
	EndGlobalSection
	GlobalSection(ExtensibilityGlobals) = postSolution
		SolutionGuid = {DEC5A674-C178-4205-9F4A-0185C5BDD370}
	EndGlobalSection
EndGlobal
