
Microsoft Visual Studio Solution File, Format Version 12.00
# Visual Studio Version 16
VisualStudioVersion = 16.0.31229.75
MinimumVisualStudioVersion = 10.0.40219.1
Project("{9A19103F-16F7-4668-BE54-9A1E7A4F7556}") = "Adventure.Net", "Adventure.Net\Adventure.Net.csproj", "{AFC80EF8-C098-4115-9FD9-C35AE9C6C791}"
EndProject
Project("{9A19103F-16F7-4668-BE54-9A1E7A4F7556}") = "ColossalCave", "ColossalCave\ColossalCave.csproj", "{CFA6C90B-95B9-47BD-9B16-1E78F5309923}"
EndProject
Project("{9A19103F-16F7-4668-BE54-9A1E7A4F7556}") = "Tests", "Tests\Tests.csproj", "{50FAC4DF-D62C-4469-99FE-EECD77B03E2B}"
EndProject
Global
	GlobalSection(SolutionConfigurationPlatforms) = preSolution
		Debug|Any CPU = Debug|Any CPU
		Release|Any CPU = Release|Any CPU
	EndGlobalSection
	GlobalSection(ProjectConfigurationPlatforms) = postSolution
		{AFC80EF8-C098-4115-9FD9-C35AE9C6C791}.Debug|Any CPU.ActiveCfg = Debug|Any CPU
		{AFC80EF8-C098-4115-9FD9-C35AE9C6C791}.Debug|Any CPU.Build.0 = Debug|Any CPU
		{AFC80EF8-C098-4115-9FD9-C35AE9C6C791}.Release|Any CPU.ActiveCfg = Release|Any CPU
		{AFC80EF8-C098-4115-9FD9-C35AE9C6C791}.Release|Any CPU.Build.0 = Release|Any CPU
		{CFA6C90B-95B9-47BD-9B16-1E78F5309923}.Debug|Any CPU.ActiveCfg = Debug|Any CPU
		{CFA6C90B-95B9-47BD-9B16-1E78F5309923}.Debug|Any CPU.Build.0 = Debug|Any CPU
		{CFA6C90B-95B9-47BD-9B16-1E78F5309923}.Release|Any CPU.ActiveCfg = Release|Any CPU
		{CFA6C90B-95B9-47BD-9B16-1E78F5309923}.Release|Any CPU.Build.0 = Release|Any CPU
		{50FAC4DF-D62C-4469-99FE-EECD77B03E2B}.Debug|Any CPU.ActiveCfg = Debug|Any CPU
		{50FAC4DF-D62C-4469-99FE-EECD77B03E2B}.Debug|Any CPU.Build.0 = Debug|Any CPU
		{50FAC4DF-D62C-4469-99FE-EECD77B03E2B}.Release|Any CPU.ActiveCfg = Release|Any CPU
		{50FAC4DF-D62C-4469-99FE-EECD77B03E2B}.Release|Any CPU.Build.0 = Release|Any CPU
	EndGlobalSection
	GlobalSection(SolutionProperties) = preSolution
		HideSolutionNode = FALSE
	EndGlobalSection
	GlobalSection(ExtensibilityGlobals) = postSolution
		SolutionGuid = {DEC5A674-C178-4205-9F4A-0185C5BDD370}
	EndGlobalSection
EndGlobal
